PODS:
  - AppBottomActionSheet (1.0.8)

DEPENDENCIES:
  - AppBottomActionSheet (from `../`)

EXTERNAL SOURCES:
  AppBottomActionSheet:
    :path: "../"

SPEC CHECKSUMS:
  AppBottomActionSheet: 99edb7ff7a41db6aad9765ef3787ce03e97c29f8

PODFILE CHECKSUM: 52f9dfcf0fea921dacbdc38f55ecabcddae74b2e

COCOAPODS: 1.9.1
