PODS:
  - AppBottomActionSheet (1.0)

DEPENDENCIES:
  - AppBottomActionSheet (from `../`)

EXTERNAL SOURCES:
  AppBottomActionSheet:
    :path: ../

SPEC CHECKSUMS:
  AppBottomActionSheet: 77075e41a293a9f97edafd8f3262da38442a6af6

PODFILE CHECKSUM: f07eedd6fd460c0524825775aecd7f1a8646c1cc

COCOAPODS: 1.4.0
