PODS:
  - AppBottomActionSheet (1.0)

DEPENDENCIES:
  - AppBottomActionSheet (from `../`)

EXTERNAL SOURCES:
  AppBottomActionSheet:
    :path: "../"

SPEC CHECKSUMS:
  AppBottomActionSheet: 77075e41a293a9f97edafd8f3262da38442a6af6

PODFILE CHECKSUM: ad880350d25c8af549b7dfbbb63ae1cb1d60c0d8

COCOAPODS: 1.5.3
